PODS:
  - Alamofire (5.6.4)
  - Cosmos (23.0.0)
  - Differentiator (5.0.0)
  - DropDown (2.3.13)
  - EnumKit (1.1.3)
  - FMPhotoPicker (1.3.0)
  - FSPagerView (0.8.3)
  - Google-Maps-iOS-Utils (4.1.0):
    - Google-Maps-iOS-Utils/Clustering (= 4.1.0)
    - Google-Maps-iOS-Utils/Geometry (= 4.1.0)
    - Google-Maps-iOS-Utils/GeometryUtils (= 4.1.0)
    - Google-Maps-iOS-Utils/Heatmap (= 4.1.0)
    - Google-Maps-iOS-Utils/QuadTree (= 4.1.0)
    - GoogleMaps
  - Google-Maps-iOS-Utils/Clustering (4.1.0):
    - Google-Maps-iOS-Utils/QuadTree
    - GoogleMaps
  - Google-Maps-iOS-Utils/Geometry (4.1.0):
    - GoogleMaps
  - Google-Maps-iOS-Utils/GeometryUtils (4.1.0):
    - GoogleMaps
  - Google-Maps-iOS-Utils/Heatmap (4.1.0):
    - Google-Maps-iOS-Utils/QuadTree
    - GoogleMaps
  - Google-Maps-iOS-Utils/QuadTree (4.1.0):
    - GoogleMaps
  - GoogleMaps (7.3.0):
    - GoogleMaps/Maps (= 7.3.0)
  - GoogleMaps/Base (7.3.0)
  - GoogleMaps/Maps (7.3.0):
    - GoogleMaps/Base
  - HorizonCalendar (1.16.0)
  - KakaoSDK (2.14.0):
    - KakaoSDKAuth (= 2.14.0)
    - KakaoSDKCommon (= 2.14.0)
    - KakaoSDKFriend (= 2.14.0)
    - KakaoSDKNavi (= 2.14.0)
    - KakaoSDKShare (= 2.14.0)
    - KakaoSDKStory (= 2.14.0)
    - KakaoSDKTalk (= 2.14.0)
    - KakaoSDKTemplate (= 2.14.0)
    - KakaoSDKUser (= 2.14.0)
  - KakaoSDKAuth (2.14.0):
    - KakaoSDKCommon (= 2.14.0)
  - KakaoSDKCommon (2.14.0):
    - KakaoSDKCommon/Common (= 2.14.0)
    - KakaoSDKCommon/Network (= 2.14.0)
  - KakaoSDKCommon/Common (2.14.0)
  - KakaoSDKCommon/Network (2.14.0):
    - Alamofire (~> 5.1)
    - KakaoSDKCommon/Common (= 2.14.0)
  - KakaoSDKFriend (2.14.0):
    - KakaoSDKUser (= 2.14.0)
  - KakaoSDKNavi (2.14.0):
    - KakaoSDKCommon/Common (= 2.14.0)
  - KakaoSDKShare (2.14.0):
    - KakaoSDKCommon (= 2.14.0)
    - KakaoSDKTemplate (= 2.14.0)
  - KakaoSDKStory (2.14.0):
    - KakaoSDKUser (= 2.14.0)
  - KakaoSDKTalk (2.14.0):
    - KakaoSDKTemplate (= 2.14.0)
    - KakaoSDKUser (= 2.14.0)
  - KakaoSDKTemplate (2.14.0):
    - KakaoSDKCommon/Common (= 2.14.0)
  - KakaoSDKUser (2.14.0):
    - KakaoSDKAuth (= 2.14.0)
  - Kingfisher (7.6.1)
  - Moya/Core (15.0.0):
    - Alamofire (~> 5.0)
  - Moya/RxSwift (15.0.0):
    - Moya/Core
    - RxSwift (~> 6.0)
  - Pageboy (4.0.2)
  - Realm (10.36.0):
    - Realm/Headers (= 10.36.0)
  - Realm/Headers (10.36.0)
  - RealmSwift (10.36.0):
    - Realm (= 10.36.0)
  - RxBlocking (6.5.0):
    - RxSwift (= 6.5.0)
  - RxCocoa (6.5.0):
    - RxRelay (= 6.5.0)
    - RxSwift (= 6.5.0)
  - RxDataSources (5.0.0):
    - Differentiator (~> 5.0)
    - RxCocoa (~> 6.0)
    - RxSwift (~> 6.0)
  - RxEnumKit (2.0.0):
    - EnumKit (~> 1.1)
    - RxCocoa (~> 6.0)
  - RxGesture (4.0.4):
    - RxCocoa (~> 6.0)
    - RxSwift (~> 6.0)
  - RxRelay (6.5.0):
    - RxSwift (= 6.5.0)
  - RxSwift (6.5.0)
  - RxTest (6.5.0):
    - RxSwift (= 6.5.0)
  - SnapKit (5.6.0)
  - Tabman (3.0.1):
    - Pageboy (~> 4.0.2)
  - Toast (4.0.0)
  - TTGTagCollectionView (2.3.0)

DEPENDENCIES:
  - Cosmos
  - DropDown
  - FMPhotoPicker
  - FSPagerView
  - Google-Maps-iOS-Utils
  - GoogleMaps
  - HorizonCalendar
  - KakaoSDK
  - Kingfisher
  - Moya/RxSwift
  - RealmSwift
  - RxBlocking (= 6.5.0)
  - RxCocoa
  - RxDataSources
  - RxEnumKit
  - RxGesture
  - RxSwift
  - RxTest (= 6.5.0)
  - SnapKit
  - Tabman
  - Toast
  - TTGTagCollectionView

SPEC REPOS:
  trunk:
    - Alamofire
    - Cosmos
    - Differentiator
    - DropDown
    - EnumKit
    - FMPhotoPicker
    - FSPagerView
    - Google-Maps-iOS-Utils
    - GoogleMaps
    - HorizonCalendar
    - KakaoSDK
    - KakaoSDKAuth
    - KakaoSDKCommon
    - KakaoSDKFriend
    - KakaoSDKNavi
    - KakaoSDKShare
    - KakaoSDKStory
    - KakaoSDKTalk
    - KakaoSDKTemplate
    - KakaoSDKUser
    - Kingfisher
    - Moya
    - Pageboy
    - Realm
    - RealmSwift
    - RxBlocking
    - RxCocoa
    - RxDataSources
    - RxEnumKit
    - RxGesture
    - RxRelay
    - RxSwift
    - RxTest
    - SnapKit
    - Tabman
    - Toast
    - TTGTagCollectionView

SPEC CHECKSUMS:
  Alamofire: 4e95d97098eacb88856099c4fc79b526a299e48c
  Cosmos: b5c6a9a637e28a061b54c8f8b1d8529d7d4db73f
  Differentiator: e8497ceab83c1b10ca233716d547b9af21b9344d
  DropDown: 8a2116376c1981888557f72ec2ffc9a5e0e456ec
  EnumKit: 9f25cf60cb53b029a2c396813f155877d9764a8f
  FMPhotoPicker: 954d3c3e72521baffecdc23422ae149fdde3cd63
  FSPagerView: 670405b2f18e2a87fa37f20b00de783e562c25a8
  Google-Maps-iOS-Utils: 3343332b18dfd5be8f1f44edd7d481ace3da4d9a
  GoogleMaps: a146f275ee429d14822178c7a841c03366ec92a1
  HorizonCalendar: 90d7281cf1cd0cb3fae1d3e53f6f7fd24fda5a0e
  KakaoSDK: c294f30452701752c0b8a283e88ed97c36e80006
  KakaoSDKAuth: 8fca87815de22062a23297983f327613b087b8bb
  KakaoSDKCommon: 0ce638f7a2e49704943c0b74a087a9f8067bba1c
  KakaoSDKFriend: 9b742a3a4d96ba9b8c20958476e3a871685fa607
  KakaoSDKNavi: 5dbacc78b915ddb80359b3f041e7428a44e11a82
  KakaoSDKShare: 342acc83d47a26c73855555ce070c6d55db37f83
  KakaoSDKStory: 61472ba65d11945796635652a2e200487d279e91
  KakaoSDKTalk: 6843127498cc01d4bda598e3da96e4c16070deb6
  KakaoSDKTemplate: 37fe90573759d54843da54fa66b8e21023b41fea
  KakaoSDKUser: 2ca18314ce72e6690f76cb1f6f9fbc771d31a803
  Kingfisher: 93a3c6d0d551658a31e19f21747e1d15cb39d525
  Moya: 138f0573e53411fb3dc17016add0b748dfbd78ee
  Pageboy: 34ff11e8d1041b81769d5bcde9b19a0cb7218bd9
  Realm: 3fd136cb4c83a927482a7f1612496d37beed3cf5
  RealmSwift: 513d4dcbf5bfc4d573454088b592685fc48dd716
  RxBlocking: 04b5fd28bb5ea49f7d64b80db8bbfe50d9cc1c7d
  RxCocoa: 94f817b71c07517321eb4f9ad299112ca8af743b
  RxDataSources: aa47cc1ed6c500fa0dfecac5c979b723542d79cf
  RxEnumKit: b09f20969ee95beffdc14dfd355dd7118df6b787
  RxGesture: f3efb47ed2d26a8082f7b660d4a59970e275a7f8
  RxRelay: 1de1523e604c72b6c68feadedd1af3b1b4d0ecbd
  RxSwift: 5710a9e6b17f3c3d6e40d6e559b9fa1e813b2ef8
  RxTest: eb2d23adefc5a5ebf5779c7792fa3edfe6ebcc17
  SnapKit: e01d52ebb8ddbc333eefe2132acf85c8227d9c25
  Tabman: a5880789298f81d3f2cdd6510b54ae637cfd8e09
  Toast: 91b396c56ee72a5790816f40d3a94dd357abc196
  TTGTagCollectionView: 4104f93281097eae5adbf4444811e32f5e52dc95

PODFILE CHECKSUM: b61e199eda6a8644bd4bf46ac03c1e41d3b87bad

COCOAPODS: 1.11.3
